%{
  "bandit": {:hex, :bandit, "0.1.1", "c255fcb67877970fff3e90be512a804afe70f417dc67c95a25d01287c777d060", [:mix], [{:plug, "~> 1.8", [hex: :plug, repo: "hexpm", optional: false]}, {:thousand_island, "~> 0.2", [hex: :thousand_island, repo: "hexpm", optional: false]}], "hexpm", "a2cf02ede470dd368c5106ce16be50d5647f9f682f5a5da0bbedab2d9fddf673"},
  "base36": {:hex, :base36, "1.0.0", "7b8e946aec907bc0032e0c2118a05925399d7ed778d4b51a2157ffabd9fa1a6f", [:mix], [{:custom_base, "~> 0.2.0", [hex: :custom_base, repo: "hexpm", optional: false]}], "hexpm", "6022d73272ebd0a6f600248da05b47576b94f064c6444dd0401df67e717c189e"},
  "cubdb": {:hex, :cubdb, "1.0.0-rc.5", "dcf0d32090e079723577f3588d78427d0326732994c7d427907b5184f208ddf3", [:mix], [], "hexpm", "4ad4dadcdcf56c9c5549d86489210e207e0ad0b2a59080418cf1fdf637c428db"},
  "custom_base": {:hex, :custom_base, "0.2.1", "4a832a42ea0552299d81652aa0b1f775d462175293e99dfbe4d7dbaab785a706", [:mix], [], "hexpm", "8df019facc5ec9603e94f7270f1ac73ddf339f56ade76a721eaa57c1493ba463"},
  "eqrcode": {:hex, :eqrcode, "0.1.7", "2c6674e0c22854355b0adc2e6c987a3a973c31eeb49870e72a1e463317d59014", [:mix], [], "hexpm", "391c7945e8a079e9b4aef3f98d601575213ae4d78a3098542d6f39358627100f"},
  "eunit_formatters": {:hex, :eunit_formatters, "0.3.1", "7a6fc351eb5b873e2356b8852eb751e20c13a72fbca03393cf682b8483509573", [:rebar3], [], "hexpm", "64a40741429b7aff149c605d5a6135a48046af394a7282074e6003b3b56ae931"},
  "file_system": {:hex, :file_system, "0.2.9", "545b9c9d502e8bfa71a5315fac2a923bd060fd9acb797fe6595f54b0f975fd32", [:mix], [], "hexpm", "3cf87a377fe1d93043adeec4889feacf594957226b4f19d5897096d6f61345d8"},
  "hkdf": {:hex, :hkdf, "0.1.0", "24f5bb27eb2b00f183004e403eaea813ed3ad7da0c3ddec259871b10ae3fa4a9", [:mix], [], "hexpm", "4447f33ca64a8c32bb9e5cc15f8d1373430f63d1eaa20e4ab91ba31a4ca8372c"},
  "jason": {:hex, :jason, "1.2.2", "ba43e3f2709fd1aa1dce90aaabfd039d000469c05c56f0b8e31978e03fa39052", [:mix], [{:decimal, "~> 1.0 or ~> 2.0", [hex: :decimal, repo: "hexpm", optional: true]}], "hexpm", "18a228f5f0058ee183f29f9eae0805c6e59d61c3b006760668d8d18ff0d12179"},
  "mime": {:hex, :mime, "1.4.0", "5066f14944b470286146047d2f73518cf5cca82f8e4815cf35d196b58cf07c47", [:mix], [], "hexpm", "75fa42c4228ea9a23f70f123c74ba7cece6a03b1fd474fe13f6a7a85c6ea4ff6"},
  "mix_eunit": {:hex, :mix_eunit, "0.3.0", "0e3e23bbc1f428663ba6c0ce52731ea7bff381fcde1ea9198a1bd83ac26305b2", [:mix], [{:eunit_formatters, "~> 0.3.1", [hex: :eunit_formatters, repo: "hexpm", optional: false]}], "hexpm", "da776cf400b200992cc1e8240a608eb0969ec505cd4272a16d5f077c3d6922fb"},
  "mix_test_watch": {:hex, :mix_test_watch, "0.9.0", "c72132a6071261893518fa08e121e911c9358713f62794a90c95db59042af375", [:mix], [{:file_system, "~> 0.2.1 or ~> 0.3", [hex: :file_system, repo: "hexpm", optional: false]}], "hexpm", "817dec4a7f6edf260258002f99ac8ffaf7a8f395b27bf2d13ec24018beecec8a"},
  "nerves_dnssd": {:git, "https://github.com/mtrudel/nerves_dnssd.git", "36c87aea4932e35adb409d8e5a1e7d02149c84b4", []},
  "plug": {:hex, :plug, "1.11.0", "f17217525597628298998bc3baed9f8ea1fa3f1160aa9871aee6df47a6e4d38e", [:mix], [{:mime, "~> 1.0", [hex: :mime, repo: "hexpm", optional: false]}, {:plug_crypto, "~> 1.1.1 or ~> 1.2", [hex: :plug_crypto, repo: "hexpm", optional: false]}, {:telemetry, "~> 0.4", [hex: :telemetry, repo: "hexpm", optional: false]}], "hexpm", "2d9c633f0499f9dc5c2fd069161af4e2e7756890b81adcbb2ceaa074e8308876"},
  "plug_crypto": {:hex, :plug_crypto, "1.2.0", "1cb20793aa63a6c619dd18bb33d7a3aa94818e5fd39ad357051a67f26dfa2df6", [:mix], [], "hexpm", "a48b538ae8bf381ffac344520755f3007cc10bd8e90b240af98ea29b69683fc2"},
  "strap": {:hex, :strap, "0.1.1", "90fedb0b51a1c81678cc1386ed9d3d9e6126ac718af4de2a852d730c0fc6d67f", [:mix], [], "hexpm", "1aa1980c8cf43a3e7b2558e4af021dd3752ee29007484f2ba6c314f5936c95e7"},
  "system_registry": {:hex, :system_registry, "0.8.2", "df791dc276652fcfb53be4dab823e05f8269b96ac57c26f86a67838dbc0eefe7", [:mix], [], "hexpm", "f7acdede22c73ab0b3735eead7f2095efb2a7a6198366564205274db2ca2a8f8"},
  "system_registry_term_storage": {:hex, :system_registry_term_storage, "0.1.1", "342fa1d3ce881fee435d3c3109ac8bd371f6ecb6ff4855a52bf2e212853b2408", [:mix], [{:system_registry, "~> 0.7", [hex: :system_registry, repo: "hexpm", optional: false]}], "hexpm", "0edf11ac6356de5a59851a8b47547224432a11dead336f840e4858679b394c76"},
  "telemetry": {:hex, :telemetry, "0.4.2", "2808c992455e08d6177322f14d3bdb6b625fbcfd233a73505870d8738a2f4599", [:rebar3], [], "hexpm", "2d1419bd9dda6a206d7b5852179511722e2b18812310d304620c7bd92a13fcef"},
  "thousand_island": {:hex, :thousand_island, "0.2.0", "18c34560cd27a9ca9b44cb97ac3a988ed71e0227ac0dcb1e98a0e745ae6db65c", [:mix], [{:telemetry, "~> 0.4.1", [hex: :telemetry, repo: "hexpm", optional: false]}], "hexpm", "4763351b6910a163332631c46f9dbe819ea1e47370b5f5d5acdb8e5070e21ad3"},
}
